[root]
name = "game-of-life-rs"
version = "0.1.0"
dependencies = [
 "board-game-geom 0.2.0 (registry+https://github.com/rust-lang/crates.io-index)",
 "emscripten-sys 0.3.1 (registry+https://github.com/rust-lang/crates.io-index)",
 "image 0.13.0 (registry+https://github.com/rust-lang/crates.io-index)",
 "piston 0.32.0 (registry+https://github.com/rust-lang/crates.io-index)",
 "piston2d-graphics 0.21.1 (registry+https://github.com/rust-lang/crates.io-index)",
 "piston2d-opengl_graphics 0.43.0 (registry+https://github.com/rust-lang/crates.io-index)",
 "pistoncore-sdl2_window 0.42.0 (registry+https://github.com/rust-lang/crates.io-index)",
 "rand 0.3.15 (registry+https://github.com/rust-lang/crates.io-index)",
 "time 0.1.37 (registry+https://github.com/rust-lang/crates.io-index)",
]

[[package]]
name = "adler32"
version = "1.0.0"
source = "registry+https://github.com/rust-lang/crates.io-index"

[[package]]
name = "aho-corasick"
version = "0.6.3"
source = "registry+https://github.com/rust-lang/crates.io-index"
dependencies = [
 "memchr 1.0.1 (registry+https://github.com/rust-lang/crates.io-index)",
]

[[package]]
name = "ansi_term"
version = "0.9.0"
source = "registry+https://github.com/rust-lang/crates.io-index"

[[package]]
name = "arrayvec"
version = "0.3.23"
source = "registry+https://github.com/rust-lang/crates.io-index"
dependencies = [
 "nodrop 0.1.9 (registry+https://github.com/rust-lang/crates.io-index)",
 "odds 0.2.25 (registry+https://github.com/rust-lang/crates.io-index)",
]

[[package]]
name = "aster"
version = "0.41.0"
source = "registry+https://github.com/rust-lang/crates.io-index"
dependencies = [
 "syntex_syntax 0.58.1 (registry+https://github.com/rust-lang/crates.io-index)",
]

[[package]]
name = "atty"
version = "0.2.2"
source = "registry+https://github.com/rust-lang/crates.io-index"
dependencies = [
 "kernel32-sys 0.2.2 (registry+https://github.com/rust-lang/crates.io-index)",
 "libc 0.2.22 (registry+https://github.com/rust-lang/crates.io-index)",
 "winapi 0.2.8 (registry+https://github.com/rust-lang/crates.io-index)",
]

[[package]]
name = "bindgen"
version = "0.24.0"
source = "registry+https://github.com/rust-lang/crates.io-index"
dependencies = [
 "aster 0.41.0 (registry+https://github.com/rust-lang/crates.io-index)",
 "cexpr 0.2.0 (registry+https://github.com/rust-lang/crates.io-index)",
 "cfg-if 0.1.0 (registry+https://github.com/rust-lang/crates.io-index)",
 "clang-sys 0.16.0 (registry+https://github.com/rust-lang/crates.io-index)",
 "clap 2.23.3 (registry+https://github.com/rust-lang/crates.io-index)",
 "env_logger 0.4.2 (registry+https://github.com/rust-lang/crates.io-index)",
 "lazy_static 0.2.8 (registry+https://github.com/rust-lang/crates.io-index)",
 "log 0.3.7 (registry+https://github.com/rust-lang/crates.io-index)",
 "quasi 0.32.0 (registry+https://github.com/rust-lang/crates.io-index)",
 "quasi_codegen 0.32.0 (registry+https://github.com/rust-lang/crates.io-index)",
 "regex 0.2.1 (registry+https://github.com/rust-lang/crates.io-index)",
 "syntex_syntax 0.58.1 (registry+https://github.com/rust-lang/crates.io-index)",
]

[[package]]
name = "bitflags"
version = "0.7.0"
source = "registry+https://github.com/rust-lang/crates.io-index"

[[package]]
name = "bitflags"
version = "0.8.2"
source = "registry+https://github.com/rust-lang/crates.io-index"

[[package]]
name = "board-game-geom"
version = "0.2.0"
source = "registry+https://github.com/rust-lang/crates.io-index"

[[package]]
name = "byteorder"
version = "0.4.2"
source = "registry+https://github.com/rust-lang/crates.io-index"

[[package]]
name = "byteorder"
version = "1.0.0"
source = "registry+https://github.com/rust-lang/crates.io-index"

[[package]]
name = "cexpr"
version = "0.2.0"
source = "registry+https://github.com/rust-lang/crates.io-index"
dependencies = [
 "nom 1.2.4 (registry+https://github.com/rust-lang/crates.io-index)",
]

[[package]]
name = "cfg-if"
version = "0.1.0"
source = "registry+https://github.com/rust-lang/crates.io-index"

[[package]]
name = "clang-sys"
version = "0.16.0"
source = "registry+https://github.com/rust-lang/crates.io-index"
dependencies = [
 "bitflags 0.8.2 (registry+https://github.com/rust-lang/crates.io-index)",
 "glob 0.2.11 (registry+https://github.com/rust-lang/crates.io-index)",
 "libc 0.2.22 (registry+https://github.com/rust-lang/crates.io-index)",
 "libloading 0.4.0 (registry+https://github.com/rust-lang/crates.io-index)",
]

[[package]]
name = "clap"
version = "2.23.3"
source = "registry+https://github.com/rust-lang/crates.io-index"
dependencies = [
 "ansi_term 0.9.0 (registry+https://github.com/rust-lang/crates.io-index)",
 "atty 0.2.2 (registry+https://github.com/rust-lang/crates.io-index)",
 "bitflags 0.8.2 (registry+https://github.com/rust-lang/crates.io-index)",
 "strsim 0.6.0 (registry+https://github.com/rust-lang/crates.io-index)",
 "term_size 0.3.0 (registry+https://github.com/rust-lang/crates.io-index)",
 "unicode-segmentation 1.1.0 (registry+https://github.com/rust-lang/crates.io-index)",
 "unicode-width 0.1.4 (registry+https://github.com/rust-lang/crates.io-index)",
 "vec_map 0.7.0 (registry+https://github.com/rust-lang/crates.io-index)",
]

[[package]]
name = "color_quant"
version = "1.0.0"
source = "registry+https://github.com/rust-lang/crates.io-index"

[[package]]
name = "deflate"
version = "0.7.9"
source = "registry+https://github.com/rust-lang/crates.io-index"
dependencies = [
 "adler32 1.0.0 (registry+https://github.com/rust-lang/crates.io-index)",
 "byteorder 1.0.0 (registry+https://github.com/rust-lang/crates.io-index)",
]

[[package]]
name = "deque"
version = "0.3.2"
source = "registry+https://github.com/rust-lang/crates.io-index"

[[package]]
name = "emscripten-sys"
version = "0.3.1"
source = "registry+https://github.com/rust-lang/crates.io-index"
dependencies = [
 "bindgen 0.24.0 (registry+https://github.com/rust-lang/crates.io-index)",
]

[[package]]
name = "enum_primitive"
version = "0.1.1"
source = "registry+https://github.com/rust-lang/crates.io-index"
dependencies = [
 "num-traits 0.1.37 (registry+https://github.com/rust-lang/crates.io-index)",
]

[[package]]
name = "env_logger"
version = "0.4.2"
source = "registry+https://github.com/rust-lang/crates.io-index"
dependencies = [
 "log 0.3.7 (registry+https://github.com/rust-lang/crates.io-index)",
 "regex 0.2.1 (registry+https://github.com/rust-lang/crates.io-index)",
]

[[package]]
name = "fnv"
version = "1.0.5"
source = "registry+https://github.com/rust-lang/crates.io-index"

[[package]]
name = "gif"
version = "0.9.1"
source = "registry+https://github.com/rust-lang/crates.io-index"
dependencies = [
 "color_quant 1.0.0 (registry+https://github.com/rust-lang/crates.io-index)",
 "lzw 0.10.0 (registry+https://github.com/rust-lang/crates.io-index)",
]

[[package]]
name = "gl"
version = "0.6.1"
source = "registry+https://github.com/rust-lang/crates.io-index"
dependencies = [
 "gl_generator 0.5.2 (registry+https://github.com/rust-lang/crates.io-index)",
]

[[package]]
name = "gl_generator"
version = "0.5.2"
source = "registry+https://github.com/rust-lang/crates.io-index"
dependencies = [
 "khronos_api 1.0.0 (registry+https://github.com/rust-lang/crates.io-index)",
 "log 0.3.7 (registry+https://github.com/rust-lang/crates.io-index)",
 "xml-rs 0.3.6 (registry+https://github.com/rust-lang/crates.io-index)",
]

[[package]]
name = "glob"
version = "0.2.11"
source = "registry+https://github.com/rust-lang/crates.io-index"

[[package]]
name = "image"
version = "0.13.0"
source = "registry+https://github.com/rust-lang/crates.io-index"
dependencies = [
 "byteorder 1.0.0 (registry+https://github.com/rust-lang/crates.io-index)",
 "enum_primitive 0.1.1 (registry+https://github.com/rust-lang/crates.io-index)",
 "gif 0.9.1 (registry+https://github.com/rust-lang/crates.io-index)",
 "jpeg-decoder 0.1.12 (registry+https://github.com/rust-lang/crates.io-index)",
 "num-iter 0.1.33 (registry+https://github.com/rust-lang/crates.io-index)",
 "num-rational 0.1.36 (registry+https://github.com/rust-lang/crates.io-index)",
 "num-traits 0.1.37 (registry+https://github.com/rust-lang/crates.io-index)",
 "png 0.7.0 (registry+https://github.com/rust-lang/crates.io-index)",
 "scoped_threadpool 0.1.7 (registry+https://github.com/rust-lang/crates.io-index)",
]

[[package]]
name = "inflate"
version = "0.2.0"
source = "registry+https://github.com/rust-lang/crates.io-index"

[[package]]
name = "interpolation"
version = "0.1.0"
source = "registry+https://github.com/rust-lang/crates.io-index"

[[package]]
name = "jpeg-decoder"
version = "0.1.12"
source = "registry+https://github.com/rust-lang/crates.io-index"
dependencies = [
 "byteorder 1.0.0 (registry+https://github.com/rust-lang/crates.io-index)",
 "rayon 0.7.0 (registry+https://github.com/rust-lang/crates.io-index)",
]

[[package]]
name = "kernel32-sys"
version = "0.2.2"
source = "registry+https://github.com/rust-lang/crates.io-index"
dependencies = [
 "winapi 0.2.8 (registry+https://github.com/rust-lang/crates.io-index)",
 "winapi-build 0.1.1 (registry+https://github.com/rust-lang/crates.io-index)",
]

[[package]]
name = "khronos_api"
version = "0.0.8"
source = "registry+https://github.com/rust-lang/crates.io-index"

[[package]]
name = "khronos_api"
version = "1.0.0"
source = "registry+https://github.com/rust-lang/crates.io-index"

[[package]]
name = "lazy_static"
version = "0.2.8"
source = "registry+https://github.com/rust-lang/crates.io-index"

[[package]]
name = "libc"
version = "0.2.22"
source = "registry+https://github.com/rust-lang/crates.io-index"

[[package]]
name = "libloading"
version = "0.4.0"
source = "registry+https://github.com/rust-lang/crates.io-index"
dependencies = [
 "kernel32-sys 0.2.2 (registry+https://github.com/rust-lang/crates.io-index)",
 "lazy_static 0.2.8 (registry+https://github.com/rust-lang/crates.io-index)",
 "winapi 0.2.8 (registry+https://github.com/rust-lang/crates.io-index)",
]

[[package]]
name = "linked-hash-map"
version = "0.0.10"
source = "registry+https://github.com/rust-lang/crates.io-index"

[[package]]
name = "log"
version = "0.3.7"
source = "registry+https://github.com/rust-lang/crates.io-index"

[[package]]
name = "lzw"
version = "0.10.0"
source = "registry+https://github.com/rust-lang/crates.io-index"

[[package]]
name = "memchr"
version = "1.0.1"
source = "registry+https://github.com/rust-lang/crates.io-index"
dependencies = [
 "libc 0.2.22 (registry+https://github.com/rust-lang/crates.io-index)",
]

[[package]]
name = "nodrop"
version = "0.1.9"
source = "registry+https://github.com/rust-lang/crates.io-index"
dependencies = [
 "odds 0.2.25 (registry+https://github.com/rust-lang/crates.io-index)",
]

[[package]]
name = "nom"
version = "1.2.4"
source = "registry+https://github.com/rust-lang/crates.io-index"

[[package]]
name = "num"
version = "0.1.37"
source = "registry+https://github.com/rust-lang/crates.io-index"
dependencies = [
 "num-integer 0.1.34 (registry+https://github.com/rust-lang/crates.io-index)",
 "num-iter 0.1.33 (registry+https://github.com/rust-lang/crates.io-index)",
 "num-traits 0.1.37 (registry+https://github.com/rust-lang/crates.io-index)",
]

[[package]]
name = "num-integer"
version = "0.1.34"
source = "registry+https://github.com/rust-lang/crates.io-index"
dependencies = [
 "num-traits 0.1.37 (registry+https://github.com/rust-lang/crates.io-index)",
]

[[package]]
name = "num-iter"
version = "0.1.33"
source = "registry+https://github.com/rust-lang/crates.io-index"
dependencies = [
 "num-integer 0.1.34 (registry+https://github.com/rust-lang/crates.io-index)",
 "num-traits 0.1.37 (registry+https://github.com/rust-lang/crates.io-index)",
]

[[package]]
name = "num-rational"
version = "0.1.36"
source = "registry+https://github.com/rust-lang/crates.io-index"
dependencies = [
 "num-integer 0.1.34 (registry+https://github.com/rust-lang/crates.io-index)",
 "num-traits 0.1.37 (registry+https://github.com/rust-lang/crates.io-index)",
]

[[package]]
name = "num-traits"
version = "0.1.37"
source = "registry+https://github.com/rust-lang/crates.io-index"

[[package]]
name = "num_cpus"
version = "1.4.0"
source = "registry+https://github.com/rust-lang/crates.io-index"
dependencies = [
 "libc 0.2.22 (registry+https://github.com/rust-lang/crates.io-index)",
]

[[package]]
name = "odds"
version = "0.2.25"
source = "registry+https://github.com/rust-lang/crates.io-index"

[[package]]
name = "piston"
version = "0.32.0"
source = "registry+https://github.com/rust-lang/crates.io-index"
dependencies = [
 "pistoncore-event_loop 0.32.0 (registry+https://github.com/rust-lang/crates.io-index)",
 "pistoncore-input 0.18.0 (registry+https://github.com/rust-lang/crates.io-index)",
 "pistoncore-window 0.27.0 (registry+https://github.com/rust-lang/crates.io-index)",
]

[[package]]
name = "piston-float"
version = "0.3.0"
source = "registry+https://github.com/rust-lang/crates.io-index"

[[package]]
name = "piston-shaders_graphics2d"
version = "0.3.1"
source = "registry+https://github.com/rust-lang/crates.io-index"

[[package]]
name = "piston-texture"
version = "0.5.0"
source = "registry+https://github.com/rust-lang/crates.io-index"

[[package]]
name = "piston-viewport"
version = "0.3.0"
source = "registry+https://github.com/rust-lang/crates.io-index"
dependencies = [
 "piston-float 0.3.0 (registry+https://github.com/rust-lang/crates.io-index)",
]

[[package]]
name = "piston2d-graphics"
version = "0.21.1"
source = "registry+https://github.com/rust-lang/crates.io-index"
dependencies = [
 "interpolation 0.1.0 (registry+https://github.com/rust-lang/crates.io-index)",
 "piston-texture 0.5.0 (registry+https://github.com/rust-lang/crates.io-index)",
 "piston-viewport 0.3.0 (registry+https://github.com/rust-lang/crates.io-index)",
 "read_color 0.1.0 (registry+https://github.com/rust-lang/crates.io-index)",
 "vecmath 0.3.0 (registry+https://github.com/rust-lang/crates.io-index)",
]

[[package]]
name = "piston2d-opengl_graphics"
version = "0.43.0"
source = "registry+https://github.com/rust-lang/crates.io-index"
dependencies = [
 "fnv 1.0.5 (registry+https://github.com/rust-lang/crates.io-index)",
 "gl 0.6.1 (registry+https://github.com/rust-lang/crates.io-index)",
 "image 0.13.0 (registry+https://github.com/rust-lang/crates.io-index)",
 "khronos_api 0.0.8 (registry+https://github.com/rust-lang/crates.io-index)",
 "piston-shaders_graphics2d 0.3.1 (registry+https://github.com/rust-lang/crates.io-index)",
 "piston-texture 0.5.0 (registry+https://github.com/rust-lang/crates.io-index)",
 "piston2d-graphics 0.21.1 (registry+https://github.com/rust-lang/crates.io-index)",
 "rusttype 0.2.1 (registry+https://github.com/rust-lang/crates.io-index)",
 "shader_version 0.2.2 (registry+https://github.com/rust-lang/crates.io-index)",
]

[[package]]
name = "pistoncore-event_loop"
version = "0.32.0"
source = "registry+https://github.com/rust-lang/crates.io-index"
dependencies = [
 "piston-viewport 0.3.0 (registry+https://github.com/rust-lang/crates.io-index)",
 "pistoncore-input 0.18.0 (registry+https://github.com/rust-lang/crates.io-index)",
 "pistoncore-window 0.27.0 (registry+https://github.com/rust-lang/crates.io-index)",
]

[[package]]
name = "pistoncore-input"
version = "0.18.0"
source = "registry+https://github.com/rust-lang/crates.io-index"
dependencies = [
 "bitflags 0.8.2 (registry+https://github.com/rust-lang/crates.io-index)",
 "piston-viewport 0.3.0 (registry+https://github.com/rust-lang/crates.io-index)",
 "rustc-serialize 0.3.24 (registry+https://github.com/rust-lang/crates.io-index)",
]

[[package]]
name = "pistoncore-sdl2_window"
version = "0.42.0"
source = "registry+https://github.com/rust-lang/crates.io-index"
dependencies = [
 "gl 0.6.1 (registry+https://github.com/rust-lang/crates.io-index)",
 "pistoncore-input 0.18.0 (registry+https://github.com/rust-lang/crates.io-index)",
 "pistoncore-window 0.27.0 (registry+https://github.com/rust-lang/crates.io-index)",
 "sdl2 0.29.1 (registry+https://github.com/rust-lang/crates.io-index)",
 "shader_version 0.2.2 (registry+https://github.com/rust-lang/crates.io-index)",
]

[[package]]
name = "pistoncore-window"
version = "0.27.0"
source = "registry+https://github.com/rust-lang/crates.io-index"
dependencies = [
 "pistoncore-input 0.18.0 (registry+https://github.com/rust-lang/crates.io-index)",
 "shader_version 0.2.2 (registry+https://github.com/rust-lang/crates.io-index)",
]

[[package]]
name = "png"
version = "0.7.0"
source = "registry+https://github.com/rust-lang/crates.io-index"
dependencies = [
 "bitflags 0.7.0 (registry+https://github.com/rust-lang/crates.io-index)",
 "deflate 0.7.9 (registry+https://github.com/rust-lang/crates.io-index)",
 "inflate 0.2.0 (registry+https://github.com/rust-lang/crates.io-index)",
 "num-iter 0.1.33 (registry+https://github.com/rust-lang/crates.io-index)",
]

[[package]]
name = "quasi"
version = "0.32.0"
source = "registry+https://github.com/rust-lang/crates.io-index"
dependencies = [
 "syntex_errors 0.58.1 (registry+https://github.com/rust-lang/crates.io-index)",
 "syntex_syntax 0.58.1 (registry+https://github.com/rust-lang/crates.io-index)",
]

[[package]]
name = "quasi_codegen"
version = "0.32.0"
source = "registry+https://github.com/rust-lang/crates.io-index"
dependencies = [
 "aster 0.41.0 (registry+https://github.com/rust-lang/crates.io-index)",
 "syntex 0.58.1 (registry+https://github.com/rust-lang/crates.io-index)",
 "syntex_errors 0.58.1 (registry+https://github.com/rust-lang/crates.io-index)",
 "syntex_syntax 0.58.1 (registry+https://github.com/rust-lang/crates.io-index)",
]

[[package]]
name = "rand"
version = "0.3.15"
source = "registry+https://github.com/rust-lang/crates.io-index"
dependencies = [
 "libc 0.2.22 (registry+https://github.com/rust-lang/crates.io-index)",
]

[[package]]
name = "rayon"
version = "0.7.0"
source = "registry+https://github.com/rust-lang/crates.io-index"
dependencies = [
 "rayon-core 1.0.0 (registry+https://github.com/rust-lang/crates.io-index)",
]

[[package]]
name = "rayon-core"
version = "1.0.0"
source = "registry+https://github.com/rust-lang/crates.io-index"
dependencies = [
 "deque 0.3.2 (registry+https://github.com/rust-lang/crates.io-index)",
 "lazy_static 0.2.8 (registry+https://github.com/rust-lang/crates.io-index)",
 "libc 0.2.22 (registry+https://github.com/rust-lang/crates.io-index)",
 "num_cpus 1.4.0 (registry+https://github.com/rust-lang/crates.io-index)",
 "rand 0.3.15 (registry+https://github.com/rust-lang/crates.io-index)",
]

[[package]]
name = "read_color"
version = "0.1.0"
source = "registry+https://github.com/rust-lang/crates.io-index"

[[package]]
name = "redox_syscall"
version = "0.1.17"
source = "registry+https://github.com/rust-lang/crates.io-index"

[[package]]
name = "regex"
version = "0.2.1"
source = "registry+https://github.com/rust-lang/crates.io-index"
dependencies = [
 "aho-corasick 0.6.3 (registry+https://github.com/rust-lang/crates.io-index)",
 "memchr 1.0.1 (registry+https://github.com/rust-lang/crates.io-index)",
 "regex-syntax 0.4.0 (registry+https://github.com/rust-lang/crates.io-index)",
 "thread_local 0.3.3 (registry+https://github.com/rust-lang/crates.io-index)",
 "utf8-ranges 1.0.0 (registry+https://github.com/rust-lang/crates.io-index)",
]

[[package]]
name = "regex-syntax"
version = "0.4.0"
source = "registry+https://github.com/rust-lang/crates.io-index"

[[package]]
name = "rustc-serialize"
version = "0.3.24"
source = "registry+https://github.com/rust-lang/crates.io-index"

[[package]]
name = "rusttype"
version = "0.2.1"
source = "registry+https://github.com/rust-lang/crates.io-index"
dependencies = [
 "arrayvec 0.3.23 (registry+https://github.com/rust-lang/crates.io-index)",
 "linked-hash-map 0.0.10 (registry+https://github.com/rust-lang/crates.io-index)",
 "stb_truetype 0.2.1 (registry+https://github.com/rust-lang/crates.io-index)",
]

[[package]]
name = "scoped_threadpool"
version = "0.1.7"
source = "registry+https://github.com/rust-lang/crates.io-index"

[[package]]
name = "sdl2"
version = "0.29.1"
source = "registry+https://github.com/rust-lang/crates.io-index"
dependencies = [
 "bitflags 0.7.0 (registry+https://github.com/rust-lang/crates.io-index)",
 "lazy_static 0.2.8 (registry+https://github.com/rust-lang/crates.io-index)",
 "libc 0.2.22 (registry+https://github.com/rust-lang/crates.io-index)",
 "num 0.1.37 (registry+https://github.com/rust-lang/crates.io-index)",
 "rand 0.3.15 (registry+https://github.com/rust-lang/crates.io-index)",
 "sdl2-sys 0.27.3 (registry+https://github.com/rust-lang/crates.io-index)",
]

[[package]]
name = "sdl2-sys"
version = "0.27.3"
source = "registry+https://github.com/rust-lang/crates.io-index"
dependencies = [
 "libc 0.2.22 (registry+https://github.com/rust-lang/crates.io-index)",
]

[[package]]
name = "shader_version"
version = "0.2.2"
source = "registry+https://github.com/rust-lang/crates.io-index"

[[package]]
name = "stb_truetype"
version = "0.2.1"
source = "registry+https://github.com/rust-lang/crates.io-index"
dependencies = [
 "byteorder 0.4.2 (registry+https://github.com/rust-lang/crates.io-index)",
]

[[package]]
name = "strsim"
version = "0.6.0"
source = "registry+https://github.com/rust-lang/crates.io-index"

[[package]]
name = "syntex"
version = "0.58.1"
source = "registry+https://github.com/rust-lang/crates.io-index"
dependencies = [
 "syntex_errors 0.58.1 (registry+https://github.com/rust-lang/crates.io-index)",
 "syntex_syntax 0.58.1 (registry+https://github.com/rust-lang/crates.io-index)",
]

[[package]]
name = "syntex_errors"
version = "0.58.1"
source = "registry+https://github.com/rust-lang/crates.io-index"
dependencies = [
 "libc 0.2.22 (registry+https://github.com/rust-lang/crates.io-index)",
 "rustc-serialize 0.3.24 (registry+https://github.com/rust-lang/crates.io-index)",
 "syntex_pos 0.58.1 (registry+https://github.com/rust-lang/crates.io-index)",
 "term 0.4.5 (registry+https://github.com/rust-lang/crates.io-index)",
 "unicode-xid 0.0.4 (registry+https://github.com/rust-lang/crates.io-index)",
]

[[package]]
name = "syntex_pos"
version = "0.58.1"
source = "registry+https://github.com/rust-lang/crates.io-index"
dependencies = [
 "rustc-serialize 0.3.24 (registry+https://github.com/rust-lang/crates.io-index)",
]

[[package]]
name = "syntex_syntax"
version = "0.58.1"
source = "registry+https://github.com/rust-lang/crates.io-index"
dependencies = [
 "bitflags 0.8.2 (registry+https://github.com/rust-lang/crates.io-index)",
 "log 0.3.7 (registry+https://github.com/rust-lang/crates.io-index)",
 "rustc-serialize 0.3.24 (registry+https://github.com/rust-lang/crates.io-index)",
 "syntex_errors 0.58.1 (registry+https://github.com/rust-lang/crates.io-index)",
 "syntex_pos 0.58.1 (registry+https://github.com/rust-lang/crates.io-index)",
 "unicode-xid 0.0.4 (registry+https://github.com/rust-lang/crates.io-index)",
]

[[package]]
name = "term"
version = "0.4.5"
source = "registry+https://github.com/rust-lang/crates.io-index"
dependencies = [
 "kernel32-sys 0.2.2 (registry+https://github.com/rust-lang/crates.io-index)",
 "winapi 0.2.8 (registry+https://github.com/rust-lang/crates.io-index)",
]

[[package]]
name = "term_size"
version = "0.3.0"
source = "registry+https://github.com/rust-lang/crates.io-index"
dependencies = [
 "kernel32-sys 0.2.2 (registry+https://github.com/rust-lang/crates.io-index)",
 "libc 0.2.22 (registry+https://github.com/rust-lang/crates.io-index)",
 "winapi 0.2.8 (registry+https://github.com/rust-lang/crates.io-index)",
]

[[package]]
name = "thread-id"
version = "3.0.0"
source = "registry+https://github.com/rust-lang/crates.io-index"
dependencies = [
 "kernel32-sys 0.2.2 (registry+https://github.com/rust-lang/crates.io-index)",
 "libc 0.2.22 (registry+https://github.com/rust-lang/crates.io-index)",
]

[[package]]
name = "thread_local"
version = "0.3.3"
source = "registry+https://github.com/rust-lang/crates.io-index"
dependencies = [
 "thread-id 3.0.0 (registry+https://github.com/rust-lang/crates.io-index)",
 "unreachable 0.1.1 (registry+https://github.com/rust-lang/crates.io-index)",
]

[[package]]
name = "time"
version = "0.1.37"
source = "registry+https://github.com/rust-lang/crates.io-index"
dependencies = [
 "kernel32-sys 0.2.2 (registry+https://github.com/rust-lang/crates.io-index)",
 "libc 0.2.22 (registry+https://github.com/rust-lang/crates.io-index)",
 "redox_syscall 0.1.17 (registry+https://github.com/rust-lang/crates.io-index)",
 "winapi 0.2.8 (registry+https://github.com/rust-lang/crates.io-index)",
]

[[package]]
name = "unicode-segmentation"
version = "1.1.0"
source = "registry+https://github.com/rust-lang/crates.io-index"

[[package]]
name = "unicode-width"
version = "0.1.4"
source = "registry+https://github.com/rust-lang/crates.io-index"

[[package]]
name = "unicode-xid"
version = "0.0.4"
source = "registry+https://github.com/rust-lang/crates.io-index"

[[package]]
name = "unreachable"
version = "0.1.1"
source = "registry+https://github.com/rust-lang/crates.io-index"
dependencies = [
 "void 1.0.2 (registry+https://github.com/rust-lang/crates.io-index)",
]

[[package]]
name = "utf8-ranges"
version = "1.0.0"
source = "registry+https://github.com/rust-lang/crates.io-index"

[[package]]
name = "vec_map"
version = "0.7.0"
source = "registry+https://github.com/rust-lang/crates.io-index"

[[package]]
name = "vecmath"
version = "0.3.0"
source = "registry+https://github.com/rust-lang/crates.io-index"
dependencies = [
 "piston-float 0.3.0 (registry+https://github.com/rust-lang/crates.io-index)",
]

[[package]]
name = "void"
version = "1.0.2"
source = "registry+https://github.com/rust-lang/crates.io-index"

[[package]]
name = "winapi"
version = "0.2.8"
source = "registry+https://github.com/rust-lang/crates.io-index"

[[package]]
name = "winapi-build"
version = "0.1.1"
source = "registry+https://github.com/rust-lang/crates.io-index"

[[package]]
name = "xml-rs"
version = "0.3.6"
source = "registry+https://github.com/rust-lang/crates.io-index"
dependencies = [
 "bitflags 0.7.0 (registry+https://github.com/rust-lang/crates.io-index)",
]

[metadata]
"checksum adler32 1.0.0 (registry+https://github.com/rust-lang/crates.io-index)" = "3ff33fe13a08dbce05bcefa2c68eea4844941437e33d6f808240b54d7157b9cd"
"checksum aho-corasick 0.6.3 (registry+https://github.com/rust-lang/crates.io-index)" = "500909c4f87a9e52355b26626d890833e9e1d53ac566db76c36faa984b889699"
"checksum ansi_term 0.9.0 (registry+https://github.com/rust-lang/crates.io-index)" = "23ac7c30002a5accbf7e8987d0632fa6de155b7c3d39d0067317a391e00a2ef6"
"checksum arrayvec 0.3.23 (registry+https://github.com/rust-lang/crates.io-index)" = "699e63a93b79d717e8c3b5eb1b28b7780d0d6d9e59a72eb769291c83b0c8dc67"
"checksum aster 0.41.0 (registry+https://github.com/rust-lang/crates.io-index)" = "4ccfdf7355d9db158df68f976ed030ab0f6578af811f5a7bb6dcf221ec24e0e0"
"checksum atty 0.2.2 (registry+https://github.com/rust-lang/crates.io-index)" = "d912da0db7fa85514874458ca3651fe2cddace8d0b0505571dbdcd41ab490159"
"checksum bindgen 0.24.0 (registry+https://github.com/rust-lang/crates.io-index)" = "21a1de90068c1e58dd31b71daab70e1a1e54212b43cc6c4714e7c8acefb28992"
"checksum bitflags 0.7.0 (registry+https://github.com/rust-lang/crates.io-index)" = "aad18937a628ec6abcd26d1489012cc0e18c21798210f491af69ded9b881106d"
"checksum bitflags 0.8.2 (registry+https://github.com/rust-lang/crates.io-index)" = "1370e9fc2a6ae53aea8b7a5110edbd08836ed87c88736dfabccade1c2b44bff4"
"checksum board-game-geom 0.2.0 (registry+https://github.com/rust-lang/crates.io-index)" = "1d61a6b7822e125768a688f457573614320e34337aa3bf8b8c3f134cd1dc7735"
"checksum byteorder 0.4.2 (registry+https://github.com/rust-lang/crates.io-index)" = "96c8b41881888cc08af32d47ac4edd52bc7fa27fef774be47a92443756451304"
"checksum byteorder 1.0.0 (registry+https://github.com/rust-lang/crates.io-index)" = "c40977b0ee6b9885c9013cd41d9feffdd22deb3bb4dc3a71d901cc7a77de18c8"
"checksum cexpr 0.2.0 (registry+https://github.com/rust-lang/crates.io-index)" = "393a5f0088efbe41f9d1fcd062f24e83c278608420e62109feb2c8abee07de7d"
"checksum cfg-if 0.1.0 (registry+https://github.com/rust-lang/crates.io-index)" = "de1e760d7b6535af4241fca8bd8adf68e2e7edacc6b29f5d399050c5e48cf88c"
"checksum clang-sys 0.16.0 (registry+https://github.com/rust-lang/crates.io-index)" = "5f4f6aa0c4cfa318cd4d2940afae57e48b94d44d3aced603501df24f3c2a414f"
"checksum clap 2.23.3 (registry+https://github.com/rust-lang/crates.io-index)" = "f57e9b63057a545ad2ecd773ea61e49422ed1b1d63d74d5da5ecaee55b3396cd"
"checksum color_quant 1.0.0 (registry+https://github.com/rust-lang/crates.io-index)" = "a475fc4af42d83d28adf72968d9bcfaf035a1a9381642d8e85d8a04957767b0d"
"checksum deflate 0.7.9 (registry+https://github.com/rust-lang/crates.io-index)" = "464225978f3f01068194aa948852ec121d179c3f874d499d74c432953bf1917b"
"checksum deque 0.3.2 (registry+https://github.com/rust-lang/crates.io-index)" = "a694dae478589798d752c7125542f8a5ae8b6e59476172baf2eed67357bdfa27"
"checksum emscripten-sys 0.3.1 (registry+https://github.com/rust-lang/crates.io-index)" = "cef84521424f7f4bd2dc0069bbdb3bc40c131070fe02f36a0d6963c8c4b499d7"
"checksum enum_primitive 0.1.1 (registry+https://github.com/rust-lang/crates.io-index)" = "be4551092f4d519593039259a9ed8daedf0da12e5109c5280338073eaeb81180"
"checksum env_logger 0.4.2 (registry+https://github.com/rust-lang/crates.io-index)" = "e3856f1697098606fc6cb97a93de88ca3f3bc35bb878c725920e6e82ecf05e83"
"checksum fnv 1.0.5 (registry+https://github.com/rust-lang/crates.io-index)" = "6cc484842f1e2884faf56f529f960cc12ad8c71ce96cc7abba0a067c98fee344"
"checksum gif 0.9.1 (registry+https://github.com/rust-lang/crates.io-index)" = "8a80d6fe9e52f637df9afd4779449a7be17c39cc9c35b01589bb833f956ba596"
"checksum gl 0.6.1 (registry+https://github.com/rust-lang/crates.io-index)" = "a201d035da99a5c7fabbf4d6b0819f89201498b955d9b73380ebae63bbb5e2f0"
"checksum gl_generator 0.5.2 (registry+https://github.com/rust-lang/crates.io-index)" = "f1d8edc81c5ae84605a62f5dac661a2313003b26d59839f81d47d46cf0f16a55"
"checksum glob 0.2.11 (registry+https://github.com/rust-lang/crates.io-index)" = "8be18de09a56b60ed0edf84bc9df007e30040691af7acd1c41874faac5895bfb"
"checksum image 0.13.0 (registry+https://github.com/rust-lang/crates.io-index)" = "1c3f4f5ea213ed9899eca760a8a14091d4b82d33e27cf8ced336ff730e9f6da8"
"checksum inflate 0.2.0 (registry+https://github.com/rust-lang/crates.io-index)" = "d1238524675af3938a7c74980899535854b88ba07907bb1c944abe5b8fc437e5"
"checksum interpolation 0.1.0 (registry+https://github.com/rust-lang/crates.io-index)" = "84e53e2877f735534c2d3cdbb5ba1d04ee11107f599a1e811ab0ff3dd93fe66e"
"checksum jpeg-decoder 0.1.12 (registry+https://github.com/rust-lang/crates.io-index)" = "919d49b634cde303392353c5dd51153ec005a1a981c6f4b8277692a51e9d260d"
"checksum kernel32-sys 0.2.2 (registry+https://github.com/rust-lang/crates.io-index)" = "7507624b29483431c0ba2d82aece8ca6cdba9382bff4ddd0f7490560c056098d"
"checksum khronos_api 0.0.8 (registry+https://github.com/rust-lang/crates.io-index)" = "292227cfb1e811f7e974c427753fc8539394c6370a6849899306eedf2a478579"
"checksum khronos_api 1.0.0 (registry+https://github.com/rust-lang/crates.io-index)" = "09c9d3760673c427d46f91a0350f0a84a52e6bc5a84adf26dc610b6c52436630"
"checksum lazy_static 0.2.8 (registry+https://github.com/rust-lang/crates.io-index)" = "3b37545ab726dd833ec6420aaba8231c5b320814b9029ad585555d2a03e94fbf"
"checksum libc 0.2.22 (registry+https://github.com/rust-lang/crates.io-index)" = "babb8281da88cba992fa1f4ddec7d63ed96280a1a53ec9b919fd37b53d71e502"
"checksum libloading 0.4.0 (registry+https://github.com/rust-lang/crates.io-index)" = "be99f814beb3e9503a786a592c909692bb6d4fc5a695f6ed7987223acfbd5194"
"checksum linked-hash-map 0.0.10 (registry+https://github.com/rust-lang/crates.io-index)" = "f26e961e0c884309cd527b1402a5409d35db612b36915d755e1a4f5c1547a31c"
"checksum log 0.3.7 (registry+https://github.com/rust-lang/crates.io-index)" = "5141eca02775a762cc6cd564d8d2c50f67c0ea3a372cbf1c51592b3e029e10ad"
"checksum lzw 0.10.0 (registry+https://github.com/rust-lang/crates.io-index)" = "7d947cbb889ed21c2a84be6ffbaebf5b4e0f4340638cba0444907e38b56be084"
"checksum memchr 1.0.1 (registry+https://github.com/rust-lang/crates.io-index)" = "1dbccc0e46f1ea47b9f17e6d67c5a96bd27030519c519c9c91327e31275a47b4"
"checksum nodrop 0.1.9 (registry+https://github.com/rust-lang/crates.io-index)" = "52cd74cd09beba596430cc6e3091b74007169a56246e1262f0ba451ea95117b2"
"checksum nom 1.2.4 (registry+https://github.com/rust-lang/crates.io-index)" = "a5b8c256fd9471521bcb84c3cdba98921497f1a331cbc15b8030fc63b82050ce"
"checksum num 0.1.37 (registry+https://github.com/rust-lang/crates.io-index)" = "98b15ba84e910ea7a1973bccd3df7b31ae282bf9d8bd2897779950c9b8303d40"
"checksum num-integer 0.1.34 (registry+https://github.com/rust-lang/crates.io-index)" = "ef1a4bf6f9174aa5783a9b4cc892cacd11aebad6c69ad027a0b65c6ca5f8aa37"
"checksum num-iter 0.1.33 (registry+https://github.com/rust-lang/crates.io-index)" = "f7d1891bd7b936f12349b7d1403761c8a0b85a18b148e9da4429d5d102c1a41e"
"checksum num-rational 0.1.36 (registry+https://github.com/rust-lang/crates.io-index)" = "c2dc5ea04020a8f18318ae485c751f8cfa1c0e69dcf465c29ddaaa64a313cc44"
"checksum num-traits 0.1.37 (registry+https://github.com/rust-lang/crates.io-index)" = "e1cbfa3781f3fe73dc05321bed52a06d2d491eaa764c52335cf4399f046ece99"
"checksum num_cpus 1.4.0 (registry+https://github.com/rust-lang/crates.io-index)" = "ca313f1862c7ec3e0dfe8ace9fa91b1d9cb5c84ace3d00f5ec4216238e93c167"
"checksum odds 0.2.25 (registry+https://github.com/rust-lang/crates.io-index)" = "c3df9b730298cea3a1c3faa90b7e2f9df3a9c400d0936d6015e6165734eefcba"
"checksum piston 0.32.0 (registry+https://github.com/rust-lang/crates.io-index)" = "4cfb20c4c0b1ed19bbc7f330221cfb519ca905ff5fac8e2c7c38ff94b4b9aed2"
"checksum piston-float 0.3.0 (registry+https://github.com/rust-lang/crates.io-index)" = "b058c3a640efd4bcf63266512e4bb03187192c1b29edd38b16d5a014613e3199"
"checksum piston-shaders_graphics2d 0.3.1 (registry+https://github.com/rust-lang/crates.io-index)" = "97bc17dac1dfff3e5cb84116062c7b46ff9d3dc0d88696a46d2f054cf64a10b6"
"checksum piston-texture 0.5.0 (registry+https://github.com/rust-lang/crates.io-index)" = "ca39d71646f3b878dd4b0f9758f38d09658b2efd08dbdd9abf9f17000f1b9832"
"checksum piston-viewport 0.3.0 (registry+https://github.com/rust-lang/crates.io-index)" = "9c5548a838fd9dc604c96d886c03c303f043a2d85f88719cca59dc7991d86343"
"checksum piston2d-graphics 0.21.1 (registry+https://github.com/rust-lang/crates.io-index)" = "2d72cce9e129be5f50f5f26b69a064481664b6eccbdf643139563ea20485419f"
"checksum piston2d-opengl_graphics 0.43.0 (registry+https://github.com/rust-lang/crates.io-index)" = "e995c96821b530663702d15b9f104ef2eca5b4c6294a4e995c13a29b828bc3e8"
"checksum pistoncore-event_loop 0.32.0 (registry+https://github.com/rust-lang/crates.io-index)" = "2e29694f5274a3b503364a99349c372276fc1770b7f7764a1ce5d585fc0778e5"
"checksum pistoncore-input 0.18.0 (registry+https://github.com/rust-lang/crates.io-index)" = "ab36532c344e412c5ed79a259ae01b26259cbdc96b0ab219ba3eb3dfcdf59df5"
"checksum pistoncore-sdl2_window 0.42.0 (registry+https://github.com/rust-lang/crates.io-index)" = "7299d4d7d3a0e8fe8eb002f10483bd55a2dbe72e95ba693eaced95efd7a16295"
"checksum pistoncore-window 0.27.0 (registry+https://github.com/rust-lang/crates.io-index)" = "2596d106c2fc1281dcbf87fa641dfe6ba744f75a7b87f30611efddac3ada52cc"
"checksum png 0.7.0 (registry+https://github.com/rust-lang/crates.io-index)" = "48f397b84083c2753ba53c7b56ad023edb94512b2885ffe227c66ff7edb61868"
"checksum quasi 0.32.0 (registry+https://github.com/rust-lang/crates.io-index)" = "18c45c4854d6d1cf5d531db97c75880feb91c958b0720f4ec1057135fec358b3"
"checksum quasi_codegen 0.32.0 (registry+https://github.com/rust-lang/crates.io-index)" = "51b9e25fa23c044c1803f43ca59c98dac608976dd04ce799411edd58ece776d4"
"checksum rand 0.3.15 (registry+https://github.com/rust-lang/crates.io-index)" = "022e0636ec2519ddae48154b028864bdce4eaf7d35226ab8e65c611be97b189d"
"checksum rayon 0.7.0 (registry+https://github.com/rust-lang/crates.io-index)" = "8c83adcb08e5b922e804fe1918142b422602ef11f2fd670b0b52218cb5984a20"
"checksum rayon-core 1.0.0 (registry+https://github.com/rust-lang/crates.io-index)" = "767d91bacddf07d442fe39257bf04fd95897d1c47c545d009f6beb03efd038f8"
"checksum read_color 0.1.0 (registry+https://github.com/rust-lang/crates.io-index)" = "682bfa200630193df2954f2632b690c4643563fd6abc575edc1239bcfe57ad83"
"checksum redox_syscall 0.1.17 (registry+https://github.com/rust-lang/crates.io-index)" = "29dbdfd4b9df8ab31dec47c6087b7b13cbf4a776f335e4de8efba8288dda075b"
"checksum regex 0.2.1 (registry+https://github.com/rust-lang/crates.io-index)" = "4278c17d0f6d62dfef0ab00028feb45bd7d2102843f80763474eeb1be8a10c01"
"checksum regex-syntax 0.4.0 (registry+https://github.com/rust-lang/crates.io-index)" = "2f9191b1f57603095f105d317e375d19b1c9c5c3185ea9633a99a6dcbed04457"
"checksum rustc-serialize 0.3.24 (registry+https://github.com/rust-lang/crates.io-index)" = "dcf128d1287d2ea9d80910b5f1120d0b8eede3fbf1abe91c40d39ea7d51e6fda"
"checksum rusttype 0.2.1 (registry+https://github.com/rust-lang/crates.io-index)" = "c3c64ffc93b0cc5a6f5e5e84da2a4082b0271e0a1dd76e821bdac570bda7797e"
"checksum scoped_threadpool 0.1.7 (registry+https://github.com/rust-lang/crates.io-index)" = "3ef399c8893e8cb7aa9696e895427fab3a6bf265977bb96e126f24ddd2cda85a"
"checksum sdl2 0.29.1 (registry+https://github.com/rust-lang/crates.io-index)" = "4c366cfa1f22d001774214ce2fb13f369af760b016bc79cc62d7f5ae15c00fea"
"checksum sdl2-sys 0.27.3 (registry+https://github.com/rust-lang/crates.io-index)" = "8d9f87e3d948f94f2d8688970422f49249c20e97f8f3aad76cb8729901d4eb10"
"checksum shader_version 0.2.2 (registry+https://github.com/rust-lang/crates.io-index)" = "476a6f59085a3b8ba2d1127d3f3d9d3b100bbc60301a6a557a405313ea99096f"
"checksum stb_truetype 0.2.1 (registry+https://github.com/rust-lang/crates.io-index)" = "21b5c3b588a493a477e0d99769ee091b3627625f9ba4bdd882e6b4b0b0958805"
"checksum strsim 0.6.0 (registry+https://github.com/rust-lang/crates.io-index)" = "b4d15c810519a91cf877e7e36e63fe068815c678181439f2f29e2562147c3694"
"checksum syntex 0.58.1 (registry+https://github.com/rust-lang/crates.io-index)" = "a8f5e3aaa79319573d19938ea38d068056b826db9883a5d47f86c1cecc688f0e"
"checksum syntex_errors 0.58.1 (registry+https://github.com/rust-lang/crates.io-index)" = "867cc5c2d7140ae7eaad2ae9e8bf39cb18a67ca651b7834f88d46ca98faadb9c"
"checksum syntex_pos 0.58.1 (registry+https://github.com/rust-lang/crates.io-index)" = "13ad4762fe52abc9f4008e85c4fb1b1fe3aa91ccb99ff4826a439c7c598e1047"
"checksum syntex_syntax 0.58.1 (registry+https://github.com/rust-lang/crates.io-index)" = "6e0e4dbae163dd98989464c23dd503161b338790640e11537686f2ef0f25c791"
"checksum term 0.4.5 (registry+https://github.com/rust-lang/crates.io-index)" = "d168af3930b369cfe245132550579d47dfd873d69470755a19c2c6568dbbd989"
"checksum term_size 0.3.0 (registry+https://github.com/rust-lang/crates.io-index)" = "e2b6b55df3198cc93372e85dd2ed817f0e38ce8cc0f22eb32391bfad9c4bf209"
"checksum thread-id 3.0.0 (registry+https://github.com/rust-lang/crates.io-index)" = "4437c97558c70d129e40629a5b385b3fb1ffac301e63941335e4d354081ec14a"
"checksum thread_local 0.3.3 (registry+https://github.com/rust-lang/crates.io-index)" = "c85048c6260d17cf486ceae3282d9fb6b90be220bf5b28c400f5485ffc29f0c7"
"checksum time 0.1.37 (registry+https://github.com/rust-lang/crates.io-index)" = "ffd7ccbf969a892bf83f1e441126968a07a3941c24ff522a26af9f9f4585d1a3"
"checksum unicode-segmentation 1.1.0 (registry+https://github.com/rust-lang/crates.io-index)" = "18127285758f0e2c6cf325bb3f3d138a12fee27de4f23e146cd6a179f26c2cf3"
"checksum unicode-width 0.1.4 (registry+https://github.com/rust-lang/crates.io-index)" = "bf3a113775714a22dcb774d8ea3655c53a32debae63a063acc00a91cc586245f"
"checksum unicode-xid 0.0.4 (registry+https://github.com/rust-lang/crates.io-index)" = "8c1f860d7d29cf02cb2f3f359fd35991af3d30bac52c57d265a3c461074cb4dc"
"checksum unreachable 0.1.1 (registry+https://github.com/rust-lang/crates.io-index)" = "1f2ae5ddb18e1c92664717616dd9549dde73f539f01bd7b77c2edb2446bdff91"
"checksum utf8-ranges 1.0.0 (registry+https://github.com/rust-lang/crates.io-index)" = "662fab6525a98beff2921d7f61a39e7d59e0b425ebc7d0d9e66d316e55124122"
"checksum vec_map 0.7.0 (registry+https://github.com/rust-lang/crates.io-index)" = "f8cdc8b93bd0198ed872357fb2e667f7125646b1762f16d60b2c96350d361897"
"checksum vecmath 0.3.0 (registry+https://github.com/rust-lang/crates.io-index)" = "bebe25d9d469c3bc85dd86564c7318a0290e31d472d9fcbca682c93e2925ff00"
"checksum void 1.0.2 (registry+https://github.com/rust-lang/crates.io-index)" = "6a02e4885ed3bc0f2de90ea6dd45ebcbb66dacffe03547fadbb0eeae2770887d"
"checksum winapi 0.2.8 (registry+https://github.com/rust-lang/crates.io-index)" = "167dc9d6949a9b857f3451275e911c3f44255842c1f7a76f33c55103a909087a"
"checksum winapi-build 0.1.1 (registry+https://github.com/rust-lang/crates.io-index)" = "2d315eee3b34aca4797b2da6b13ed88266e6d612562a0c46390af8299fc699bc"
"checksum xml-rs 0.3.6 (registry+https://github.com/rust-lang/crates.io-index)" = "7ec6c39eaa68382c8e31e35239402c0a9489d4141a8ceb0c716099a0b515b562"
